// !$*UTF8*$!
{
	archiveVersion = 1;
	classes = {
	};
	objectVersion = 56;
	objects = {

/* Begin PBXBuildFile section */
		028CECD729FA2EAE00DBB522 /* PostScrollView.swift in Sources */ = {isa = PBXBuildFile; fileRef = 028CECD629FA2EAE00DBB522 /* PostScrollView.swift */; };
		028CECD929FAC20100DBB522 /* Post.swift in Sources */ = {isa = PBXBuildFile; fileRef = 028CECD829FAC20100DBB522 /* Post.swift */; };
		028CECDB29FAC35900DBB522 /* PostViewModel.swift in Sources */ = {isa = PBXBuildFile; fileRef = 028CECDA29FAC35900DBB522 /* PostViewModel.swift */; };
		028CECDD29FAD4D800DBB522 /* PostDetailView.swift in Sources */ = {isa = PBXBuildFile; fileRef = 028CECDC29FAD4D800DBB522 /* PostDetailView.swift */; };
		029E7C2B29FB3444009FA844 /* Profile.swift in Sources */ = {isa = PBXBuildFile; fileRef = 029E7C2A29FB3444009FA844 /* Profile.swift */; };
		029E7C2D29FB34D3009FA844 /* ProfileViewModel.swift in Sources */ = {isa = PBXBuildFile; fileRef = 029E7C2C29FB34D3009FA844 /* ProfileViewModel.swift */; };
		029E7C2F29FB3591009FA844 /* ProfileView.swift in Sources */ = {isa = PBXBuildFile; fileRef = 029E7C2E29FB3591009FA844 /* ProfileView.swift */; };
		02E48AF729F5BCA20038DE30 /* HomeOrganizerApp.swift in Sources */ = {isa = PBXBuildFile; fileRef = 02E48AF629F5BCA20038DE30 /* HomeOrganizerApp.swift */; };
		02E48AFB29F5BCA60038DE30 /* Assets.xcassets in Resources */ = {isa = PBXBuildFile; fileRef = 02E48AFA29F5BCA60038DE30 /* Assets.xcassets */; };
		02E48AFE29F5BCA60038DE30 /* Preview Assets.xcassets in Resources */ = {isa = PBXBuildFile; fileRef = 02E48AFD29F5BCA60038DE30 /* Preview Assets.xcassets */; };
		02E48B0629F5BDC10038DE30 /* FirebaseAuth in Frameworks */ = {isa = PBXBuildFile; productRef = 02E48B0529F5BDC10038DE30 /* FirebaseAuth */; };
		02E48B0829F5BDC10038DE30 /* FirebaseFirestore in Frameworks */ = {isa = PBXBuildFile; productRef = 02E48B0729F5BDC10038DE30 /* FirebaseFirestore */; };
		02E48B0A29F5BDC10038DE30 /* FirebaseFirestoreSwift in Frameworks */ = {isa = PBXBuildFile; productRef = 02E48B0929F5BDC10038DE30 /* FirebaseFirestoreSwift */; };
		02E48B0E29F5BF510038DE30 /* GoogleService-Info.plist in Resources */ = {isa = PBXBuildFile; fileRef = 02E48B0D29F5BF510038DE30 /* GoogleService-Info.plist */; };
		02E48B1429F9D8960038DE30 /* HouseScrollView.swift in Sources */ = {isa = PBXBuildFile; fileRef = 02E48B1329F9D8960038DE30 /* HouseScrollView.swift */; };
		02E48B1C29F9DA670038DE30 /* House.swift in Sources */ = {isa = PBXBuildFile; fileRef = 02E48B1B29F9DA670038DE30 /* House.swift */; };
		02E48B1E29F9DA810038DE30 /* HouseViewModel.swift in Sources */ = {isa = PBXBuildFile; fileRef = 02E48B1D29F9DA810038DE30 /* HouseViewModel.swift */; };
		02E48B2129F9DC3F0038DE30 /* FirebaseStorage in Frameworks */ = {isa = PBXBuildFile; productRef = 02E48B2029F9DC3F0038DE30 /* FirebaseStorage */; };
		02E48B2329FA149C0038DE30 /* HouseDetailView.swift in Sources */ = {isa = PBXBuildFile; fileRef = 02E48B2229FA149C0038DE30 /* HouseDetailView.swift */; };
		02E48B2529FA1E740038DE30 /* LoginView.swift in Sources */ = {isa = PBXBuildFile; fileRef = 02E48B2429FA1E740038DE30 /* LoginView.swift */; };
/* End PBXBuildFile section */

/* Begin PBXFileReference section */
		028AE26029FD09B600C3F4F2 /* Info.plist */ = {isa = PBXFileReference; lastKnownFileType = text.plist; path = Info.plist; sourceTree = "<group>"; };
		028CECD629FA2EAE00DBB522 /* PostScrollView.swift */ = {isa = PBXFileReference; lastKnownFileType = sourcecode.swift; path = PostScrollView.swift; sourceTree = "<group>"; };
		028CECD829FAC20100DBB522 /* Post.swift */ = {isa = PBXFileReference; lastKnownFileType = sourcecode.swift; path = Post.swift; sourceTree = "<group>"; };
		028CECDA29FAC35900DBB522 /* PostViewModel.swift */ = {isa = PBXFileReference; lastKnownFileType = sourcecode.swift; path = PostViewModel.swift; sourceTree = "<group>"; };
		028CECDC29FAD4D800DBB522 /* PostDetailView.swift */ = {isa = PBXFileReference; lastKnownFileType = sourcecode.swift; path = PostDetailView.swift; sourceTree = "<group>"; };
		029E7C2A29FB3444009FA844 /* Profile.swift */ = {isa = PBXFileReference; lastKnownFileType = sourcecode.swift; path = Profile.swift; sourceTree = "<group>"; };
		029E7C2C29FB34D3009FA844 /* ProfileViewModel.swift */ = {isa = PBXFileReference; lastKnownFileType = sourcecode.swift; path = ProfileViewModel.swift; sourceTree = "<group>"; };
		029E7C2E29FB3591009FA844 /* ProfileView.swift */ = {isa = PBXFileReference; lastKnownFileType = sourcecode.swift; path = ProfileView.swift; sourceTree = "<group>"; };
		02E48AF329F5BCA20038DE30 /* HomeOrganizer.app */ = {isa = PBXFileReference; explicitFileType = wrapper.application; includeInIndex = 0; path = HomeOrganizer.app; sourceTree = BUILT_PRODUCTS_DIR; };
		02E48AF629F5BCA20038DE30 /* HomeOrganizerApp.swift */ = {isa = PBXFileReference; lastKnownFileType = sourcecode.swift; path = HomeOrganizerApp.swift; sourceTree = "<group>"; };
		02E48AFA29F5BCA60038DE30 /* Assets.xcassets */ = {isa = PBXFileReference; lastKnownFileType = folder.assetcatalog; path = Assets.xcassets; sourceTree = "<group>"; };
		02E48AFD29F5BCA60038DE30 /* Preview Assets.xcassets */ = {isa = PBXFileReference; lastKnownFileType = folder.assetcatalog; path = "Preview Assets.xcassets"; sourceTree = "<group>"; };
		02E48B0D29F5BF510038DE30 /* GoogleService-Info.plist */ = {isa = PBXFileReference; fileEncoding = 4; lastKnownFileType = text.plist.xml; path = "GoogleService-Info.plist"; sourceTree = "<group>"; };
		02E48B1329F9D8960038DE30 /* HouseScrollView.swift */ = {isa = PBXFileReference; lastKnownFileType = sourcecode.swift; path = HouseScrollView.swift; sourceTree = "<group>"; };
		02E48B1B29F9DA670038DE30 /* House.swift */ = {isa = PBXFileReference; lastKnownFileType = sourcecode.swift; path = House.swift; sourceTree = "<group>"; };
		02E48B1D29F9DA810038DE30 /* HouseViewModel.swift */ = {isa = PBXFileReference; lastKnownFileType = sourcecode.swift; path = HouseViewModel.swift; sourceTree = "<group>"; };
		02E48B2229FA149C0038DE30 /* HouseDetailView.swift */ = {isa = PBXFileReference; lastKnownFileType = sourcecode.swift; path = HouseDetailView.swift; sourceTree = "<group>"; };
		02E48B2429FA1E740038DE30 /* LoginView.swift */ = {isa = PBXFileReference; lastKnownFileType = sourcecode.swift; path = LoginView.swift; sourceTree = "<group>"; };
/* End PBXFileReference section */

/* Begin PBXFrameworksBuildPhase section */
		02E48AF029F5BCA20038DE30 /* Frameworks */ = {
			isa = PBXFrameworksBuildPhase;
			buildActionMask = 2147483647;
			files = (
				02E48B0629F5BDC10038DE30 /* FirebaseAuth in Frameworks */,
				02E48B2129F9DC3F0038DE30 /* FirebaseStorage in Frameworks */,
				02E48B0829F5BDC10038DE30 /* FirebaseFirestore in Frameworks */,
				02E48B0A29F5BDC10038DE30 /* FirebaseFirestoreSwift in Frameworks */,
			);
			runOnlyForDeploymentPostprocessing = 0;
		};
/* End PBXFrameworksBuildPhase section */

/* Begin PBXGroup section */
		02E48AEA29F5BCA20038DE30 = {
			isa = PBXGroup;
			children = (
				02E48AF529F5BCA20038DE30 /* HomeOrganizer */,
				02E48AF429F5BCA20038DE30 /* Products */,
				02E48B1F29F9DC3F0038DE30 /* Frameworks */,
			);
			sourceTree = "<group>";
		};
		02E48AF429F5BCA20038DE30 /* Products */ = {
			isa = PBXGroup;
			children = (
				02E48AF329F5BCA20038DE30 /* HomeOrganizer.app */,
			);
			name = Products;
			sourceTree = "<group>";
		};
		02E48AF529F5BCA20038DE30 /* HomeOrganizer */ = {
			isa = PBXGroup;
			children = (
				028AE26029FD09B600C3F4F2 /* Info.plist */,
				02E48AF629F5BCA20038DE30 /* HomeOrganizerApp.swift */,
				02E48B1729F9DA0A0038DE30 /* Models */,
				02E48B1929F9DA2F0038DE30 /* ViewModels */,
				02E48B1A29F9DA3A0038DE30 /* Views */,
				02E48AFA29F5BCA60038DE30 /* Assets.xcassets */,
				02E48B0D29F5BF510038DE30 /* GoogleService-Info.plist */,
				02E48AFC29F5BCA60038DE30 /* Preview Content */,
			);
			path = HomeOrganizer;
			sourceTree = "<group>";
		};
		02E48AFC29F5BCA60038DE30 /* Preview Content */ = {
			isa = PBXGroup;
			children = (
				02E48AFD29F5BCA60038DE30 /* Preview Assets.xcassets */,
			);
			path = "Preview Content";
			sourceTree = "<group>";
		};
		02E48B1729F9DA0A0038DE30 /* Models */ = {
			isa = PBXGroup;
			children = (
				02E48B1B29F9DA670038DE30 /* House.swift */,
				028CECD829FAC20100DBB522 /* Post.swift */,
				029E7C2A29FB3444009FA844 /* Profile.swift */,
			);
			path = Models;
			sourceTree = "<group>";
		};
		02E48B1929F9DA2F0038DE30 /* ViewModels */ = {
			isa = PBXGroup;
			children = (
				02E48B1D29F9DA810038DE30 /* HouseViewModel.swift */,
				028CECDA29FAC35900DBB522 /* PostViewModel.swift */,
				029E7C2C29FB34D3009FA844 /* ProfileViewModel.swift */,
			);
			path = ViewModels;
			sourceTree = "<group>";
		};
		02E48B1A29F9DA3A0038DE30 /* Views */ = {
			isa = PBXGroup;
			children = (
				02E48B2429FA1E740038DE30 /* LoginView.swift */,
				02E48B1329F9D8960038DE30 /* HouseScrollView.swift */,
				02E48B2229FA149C0038DE30 /* HouseDetailView.swift */,
				028CECD629FA2EAE00DBB522 /* PostScrollView.swift */,
				028CECDC29FAD4D800DBB522 /* PostDetailView.swift */,
				029E7C2E29FB3591009FA844 /* ProfileView.swift */,
			);
			path = Views;
			sourceTree = "<group>";
		};
		02E48B1F29F9DC3F0038DE30 /* Frameworks */ = {
			isa = PBXGroup;
			children = (
			);
			name = Frameworks;
			sourceTree = "<group>";
		};
/* End PBXGroup section */

/* Begin PBXNativeTarget section */
		02E48AF229F5BCA20038DE30 /* HomeOrganizer */ = {
			isa = PBXNativeTarget;
			buildConfigurationList = 02E48B0129F5BCA60038DE30 /* Build configuration list for PBXNativeTarget "HomeOrganizer" */;
			buildPhases = (
				02E48AEF29F5BCA20038DE30 /* Sources */,
				02E48AF029F5BCA20038DE30 /* Frameworks */,
				02E48AF129F5BCA20038DE30 /* Resources */,
			);
			buildRules = (
			);
			dependencies = (
			);
			name = HomeOrganizer;
			packageProductDependencies = (
				02E48B0529F5BDC10038DE30 /* FirebaseAuth */,
				02E48B0729F5BDC10038DE30 /* FirebaseFirestore */,
				02E48B0929F5BDC10038DE30 /* FirebaseFirestoreSwift */,
				02E48B2029F9DC3F0038DE30 /* FirebaseStorage */,
			);
			productName = HomeOrganizer;
			productReference = 02E48AF329F5BCA20038DE30 /* HomeOrganizer.app */;
			productType = "com.apple.product-type.application";
		};
/* End PBXNativeTarget section */

/* Begin PBXProject section */
		02E48AEB29F5BCA20038DE30 /* Project object */ = {
			isa = PBXProject;
			attributes = {
				BuildIndependentTargetsInParallel = 1;
				LastSwiftUpdateCheck = 1430;
				LastUpgradeCheck = 1430;
				TargetAttributes = {
					02E48AF229F5BCA20038DE30 = {
						CreatedOnToolsVersion = 14.3;
					};
				};
			};
			buildConfigurationList = 02E48AEE29F5BCA20038DE30 /* Build configuration list for PBXProject "HomeOrganizer" */;
			compatibilityVersion = "Xcode 14.0";
			developmentRegion = en;
			hasScannedForEncodings = 0;
			knownRegions = (
				en,
				Base,
			);
			mainGroup = 02E48AEA29F5BCA20038DE30;
			packageReferences = (
				02E48B0429F5BDC10038DE30 /* XCRemoteSwiftPackageReference "firebase-ios-sdk" */,
			);
			productRefGroup = 02E48AF429F5BCA20038DE30 /* Products */;
			projectDirPath = "";
			projectRoot = "";
			targets = (
				02E48AF229F5BCA20038DE30 /* HomeOrganizer */,
			);
		};
/* End PBXProject section */

/* Begin PBXResourcesBuildPhase section */
		02E48AF129F5BCA20038DE30 /* Resources */ = {
			isa = PBXResourcesBuildPhase;
			buildActionMask = 2147483647;
			files = (
				02E48AFE29F5BCA60038DE30 /* Preview Assets.xcassets in Resources */,
				02E48AFB29F5BCA60038DE30 /* Assets.xcassets in Resources */,
				02E48B0E29F5BF510038DE30 /* GoogleService-Info.plist in Resources */,
			);
			runOnlyForDeploymentPostprocessing = 0;
		};
/* End PBXResourcesBuildPhase section */

/* Begin PBXSourcesBuildPhase section */
		02E48AEF29F5BCA20038DE30 /* Sources */ = {
			isa = PBXSourcesBuildPhase;
			buildActionMask = 2147483647;
			files = (
				028CECDD29FAD4D800DBB522 /* PostDetailView.swift in Sources */,
				029E7C2B29FB3444009FA844 /* Profile.swift in Sources */,
				028CECDB29FAC35900DBB522 /* PostViewModel.swift in Sources */,
				02E48B1E29F9DA810038DE30 /* HouseViewModel.swift in Sources */,
				02E48B2529FA1E740038DE30 /* LoginView.swift in Sources */,
				028CECD729FA2EAE00DBB522 /* PostScrollView.swift in Sources */,
				02E48B1429F9D8960038DE30 /* HouseScrollView.swift in Sources */,
				02E48B2329FA149C0038DE30 /* HouseDetailView.swift in Sources */,
				028CECD929FAC20100DBB522 /* Post.swift in Sources */,
				029E7C2D29FB34D3009FA844 /* ProfileViewModel.swift in Sources */,
				02E48B1C29F9DA670038DE30 /* House.swift in Sources */,
				029E7C2F29FB3591009FA844 /* ProfileView.swift in Sources */,
				02E48AF729F5BCA20038DE30 /* HomeOrganizerApp.swift in Sources */,
			);
			runOnlyForDeploymentPostprocessing = 0;
		};
/* End PBXSourcesBuildPhase section */

/* Begin XCBuildConfiguration section */
		02E48AFF29F5BCA60038DE30 /* Debug */ = {
			isa = XCBuildConfiguration;
			buildSettings = {
				ALWAYS_SEARCH_USER_PATHS = NO;
				CLANG_ANALYZER_NONNULL = YES;
				CLANG_ANALYZER_NUMBER_OBJECT_CONVERSION = YES_AGGRESSIVE;
				CLANG_CXX_LANGUAGE_STANDARD = "gnu++20";
				CLANG_ENABLE_MODULES = YES;
				CLANG_ENABLE_OBJC_ARC = YES;
				CLANG_ENABLE_OBJC_WEAK = YES;
				CLANG_WARN_BLOCK_CAPTURE_AUTORELEASING = YES;
				CLANG_WARN_BOOL_CONVERSION = YES;
				CLANG_WARN_COMMA = YES;
				CLANG_WARN_CONSTANT_CONVERSION = YES;
				CLANG_WARN_DEPRECATED_OBJC_IMPLEMENTATIONS = YES;
				CLANG_WARN_DIRECT_OBJC_ISA_USAGE = YES_ERROR;
				CLANG_WARN_DOCUMENTATION_COMMENTS = YES;
				CLANG_WARN_EMPTY_BODY = YES;
				CLANG_WARN_ENUM_CONVERSION = YES;
				CLANG_WARN_INFINITE_RECURSION = YES;
				CLANG_WARN_INT_CONVERSION = YES;
				CLANG_WARN_NON_LITERAL_NULL_CONVERSION = YES;
				CLANG_WARN_OBJC_IMPLICIT_RETAIN_SELF = YES;
				CLANG_WARN_OBJC_LITERAL_CONVERSION = YES;
				CLANG_WARN_OBJC_ROOT_CLASS = YES_ERROR;
				CLANG_WARN_QUOTED_INCLUDE_IN_FRAMEWORK_HEADER = YES;
				CLANG_WARN_RANGE_LOOP_ANALYSIS = YES;
				CLANG_WARN_STRICT_PROTOTYPES = YES;
				CLANG_WARN_SUSPICIOUS_MOVE = YES;
				CLANG_WARN_UNGUARDED_AVAILABILITY = YES_AGGRESSIVE;
				CLANG_WARN_UNREACHABLE_CODE = YES;
				CLANG_WARN__DUPLICATE_METHOD_MATCH = YES;
				COPY_PHASE_STRIP = NO;
				DEBUG_INFORMATION_FORMAT = dwarf;
				ENABLE_STRICT_OBJC_MSGSEND = YES;
				ENABLE_TESTABILITY = YES;
				GCC_C_LANGUAGE_STANDARD = gnu11;
				GCC_DYNAMIC_NO_PIC = NO;
				GCC_NO_COMMON_BLOCKS = YES;
				GCC_OPTIMIZATION_LEVEL = 0;
				GCC_PREPROCESSOR_DEFINITIONS = (
					"DEBUG=1",
					"$(inherited)",
				);
				GCC_WARN_64_TO_32_BIT_CONVERSION = YES;
				GCC_WARN_ABOUT_RETURN_TYPE = YES_ERROR;
				GCC_WARN_UNDECLARED_SELECTOR = YES;
				GCC_WARN_UNINITIALIZED_AUTOS = YES_AGGRESSIVE;
				GCC_WARN_UNUSED_FUNCTION = YES;
				GCC_WARN_UNUSED_VARIABLE = YES;
				IPHONEOS_DEPLOYMENT_TARGET = 16.4;
				MTL_ENABLE_DEBUG_INFO = INCLUDE_SOURCE;
				MTL_FAST_MATH = YES;
				ONLY_ACTIVE_ARCH = YES;
				SDKROOT = iphoneos;
				SWIFT_ACTIVE_COMPILATION_CONDITIONS = DEBUG;
				SWIFT_OPTIMIZATION_LEVEL = "-Onone";
			};
			name = Debug;
		};
		02E48B0029F5BCA60038DE30 /* Release */ = {
			isa = XCBuildConfiguration;
			buildSettings = {
				ALWAYS_SEARCH_USER_PATHS = NO;
				CLANG_ANALYZER_NONNULL = YES;
				CLANG_ANALYZER_NUMBER_OBJECT_CONVERSION = YES_AGGRESSIVE;
				CLANG_CXX_LANGUAGE_STANDARD = "gnu++20";
				CLANG_ENABLE_MODULES = YES;
				CLANG_ENABLE_OBJC_ARC = YES;
				CLANG_ENABLE_OBJC_WEAK = YES;
				CLANG_WARN_BLOCK_CAPTURE_AUTORELEASING = YES;
				CLANG_WARN_BOOL_CONVERSION = YES;
				CLANG_WARN_COMMA = YES;
				CLANG_WARN_CONSTANT_CONVERSION = YES;
				CLANG_WARN_DEPRECATED_OBJC_IMPLEMENTATIONS = YES;
				CLANG_WARN_DIRECT_OBJC_ISA_USAGE = YES_ERROR;
				CLANG_WARN_DOCUMENTATION_COMMENTS = YES;
				CLANG_WARN_EMPTY_BODY = YES;
				CLANG_WARN_ENUM_CONVERSION = YES;
				CLANG_WARN_INFINITE_RECURSION = YES;
				CLANG_WARN_INT_CONVERSION = YES;
				CLANG_WARN_NON_LITERAL_NULL_CONVERSION = YES;
				CLANG_WARN_OBJC_IMPLICIT_RETAIN_SELF = YES;
				CLANG_WARN_OBJC_LITERAL_CONVERSION = YES;
				CLANG_WARN_OBJC_ROOT_CLASS = YES_ERROR;
				CLANG_WARN_QUOTED_INCLUDE_IN_FRAMEWORK_HEADER = YES;
				CLANG_WARN_RANGE_LOOP_ANALYSIS = YES;
				CLANG_WARN_STRICT_PROTOTYPES = YES;
				CLANG_WARN_SUSPICIOUS_MOVE = YES;
				CLANG_WARN_UNGUARDED_AVAILABILITY = YES_AGGRESSIVE;
				CLANG_WARN_UNREACHABLE_CODE = YES;
				CLANG_WARN__DUPLICATE_METHOD_MATCH = YES;
				COPY_PHASE_STRIP = NO;
				DEBUG_INFORMATION_FORMAT = "dwarf-with-dsym";
				ENABLE_NS_ASSERTIONS = NO;
				ENABLE_STRICT_OBJC_MSGSEND = YES;
				GCC_C_LANGUAGE_STANDARD = gnu11;
				GCC_NO_COMMON_BLOCKS = YES;
				GCC_WARN_64_TO_32_BIT_CONVERSION = YES;
				GCC_WARN_ABOUT_RETURN_TYPE = YES_ERROR;
				GCC_WARN_UNDECLARED_SELECTOR = YES;
				GCC_WARN_UNINITIALIZED_AUTOS = YES_AGGRESSIVE;
				GCC_WARN_UNUSED_FUNCTION = YES;
				GCC_WARN_UNUSED_VARIABLE = YES;
				IPHONEOS_DEPLOYMENT_TARGET = 16.4;
				MTL_ENABLE_DEBUG_INFO = NO;
				MTL_FAST_MATH = YES;
				SDKROOT = iphoneos;
				SWIFT_COMPILATION_MODE = wholemodule;
				SWIFT_OPTIMIZATION_LEVEL = "-O";
				VALIDATE_PRODUCT = YES;
			};
			name = Release;
		};
		02E48B0229F5BCA60038DE30 /* Debug */ = {
			isa = XCBuildConfiguration;
			buildSettings = {
				ASSETCATALOG_COMPILER_APPICON_NAME = AppIcon;
				ASSETCATALOG_COMPILER_GLOBAL_ACCENT_COLOR_NAME = AccentColor;
				CODE_SIGN_STYLE = Automatic;
				CURRENT_PROJECT_VERSION = 1;
				DEVELOPMENT_ASSET_PATHS = "\"HomeOrganizer/Preview Content\"";
				DEVELOPMENT_TEAM = LCW67P3G98;
				ENABLE_PREVIEWS = YES;
				GENERATE_INFOPLIST_FILE = YES;
				INFOPLIST_FILE = HomeOrganizer/Info.plist;
				INFOPLIST_KEY_LSApplicationCategoryType = "";
				INFOPLIST_KEY_UIApplicationSceneManifest_Generation = YES;
				INFOPLIST_KEY_UIApplicationSupportsIndirectInputEvents = YES;
				INFOPLIST_KEY_UISupportedInterfaceOrientations_iPad = "UIInterfaceOrientationPortrait UIInterfaceOrientationPortraitUpsideDown UIInterfaceOrientationLandscapeLeft UIInterfaceOrientationLandscapeRight";
				INFOPLIST_KEY_UISupportedInterfaceOrientations_iPhone = "UIInterfaceOrientationPortrait UIInterfaceOrientationLandscapeLeft UIInterfaceOrientationLandscapeRight";
				IPHONEOS_DEPLOYMENT_TARGET = 16.4;
				LD_RUNPATH_SEARCH_PATHS = (
					"$(inherited)",
					"@executable_path/Frameworks",
				);
				MARKETING_VERSION = 1.0;
				PRODUCT_BUNDLE_IDENTIFIER = com.Creamer.HomeOrganizer;
				PRODUCT_NAME = "$(TARGET_NAME)";
				SWIFT_EMIT_LOC_STRINGS = YES;
				SWIFT_VERSION = 5.0;
				TARGETED_DEVICE_FAMILY = "1,2";
			};
			name = Debug;
		};
		02E48B0329F5BCA60038DE30 /* Release */ = {
			isa = XCBuildConfiguration;
			buildSettings = {
				ASSETCATALOG_COMPILER_APPICON_NAME = AppIcon;
				ASSETCATALOG_COMPILER_GLOBAL_ACCENT_COLOR_NAME = AccentColor;
				CODE_SIGN_STYLE = Automatic;
				CURRENT_PROJECT_VERSION = 1;
				DEVELOPMENT_ASSET_PATHS = "\"HomeOrganizer/Preview Content\"";
				DEVELOPMENT_TEAM = LCW67P3G98;
				ENABLE_PREVIEWS = YES;
				GENERATE_INFOPLIST_FILE = YES;
				INFOPLIST_FILE = HomeOrganizer/Info.plist;
				INFOPLIST_KEY_LSApplicationCategoryType = "";
				INFOPLIST_KEY_UIApplicationSceneManifest_Generation = YES;
				INFOPLIST_KEY_UIApplicationSupportsIndirectInputEvents = YES;
				INFOPLIST_KEY_UISupportedInterfaceOrientations_iPad = "UIInterfaceOrientationPortrait UIInterfaceOrientationPortraitUpsideDown UIInterfaceOrientationLandscapeLeft UIInterfaceOrientationLandscapeRight";
				INFOPLIST_KEY_UISupportedInterfaceOrientations_iPhone = "UIInterfaceOrientationPortrait UIInterfaceOrientationLandscapeLeft UIInterfaceOrientationLandscapeRight";
				IPHONEOS_DEPLOYMENT_TARGET = 16.4;
				LD_RUNPATH_SEARCH_PATHS = (
					"$(inherited)",
					"@executable_path/Frameworks",
				);
				MARKETING_VERSION = 1.0;
				PRODUCT_BUNDLE_IDENTIFIER = com.Creamer.HomeOrganizer;
				PRODUCT_NAME = "$(TARGET_NAME)";
				SWIFT_EMIT_LOC_STRINGS = YES;
				SWIFT_VERSION = 5.0;
				TARGETED_DEVICE_FAMILY = "1,2";
			};
			name = Release;
		};
/* End XCBuildConfiguration section */

/* Begin XCConfigurationList section */
		02E48AEE29F5BCA20038DE30 /* Build configuration list for PBXProject "HomeOrganizer" */ = {
			isa = XCConfigurationList;
			buildConfigurations = (
				02E48AFF29F5BCA60038DE30 /* Debug */,
				02E48B0029F5BCA60038DE30 /* Release */,
			);
			defaultConfigurationIsVisible = 0;
			defaultConfigurationName = Release;
		};
		02E48B0129F5BCA60038DE30 /* Build configuration list for PBXNativeTarget "HomeOrganizer" */ = {
			isa = XCConfigurationList;
			buildConfigurations = (
				02E48B0229F5BCA60038DE30 /* Debug */,
				02E48B0329F5BCA60038DE30 /* Release */,
			);
			defaultConfigurationIsVisible = 0;
			defaultConfigurationName = Release;
		};
/* End XCConfigurationList section */

/* Begin XCRemoteSwiftPackageReference section */
		02E48B0429F5BDC10038DE30 /* XCRemoteSwiftPackageReference "firebase-ios-sdk" */ = {
			isa = XCRemoteSwiftPackageReference;
			repositoryURL = "https://github.com/firebase/firebase-ios-sdk.git";
			requirement = {
				kind = upToNextMajorVersion;
				minimumVersion = 10.0.0;
			};
		};
/* End XCRemoteSwiftPackageReference section */

/* Begin XCSwiftPackageProductDependency section */
		02E48B0529F5BDC10038DE30 /* FirebaseAuth */ = {
			isa = XCSwiftPackageProductDependency;
			package = 02E48B0429F5BDC10038DE30 /* XCRemoteSwiftPackageReference "firebase-ios-sdk" */;
			productName = FirebaseAuth;
		};
		02E48B0729F5BDC10038DE30 /* FirebaseFirestore */ = {
			isa = XCSwiftPackageProductDependency;
			package = 02E48B0429F5BDC10038DE30 /* XCRemoteSwiftPackageReference "firebase-ios-sdk" */;
			productName = FirebaseFirestore;
		};
		02E48B0929F5BDC10038DE30 /* FirebaseFirestoreSwift */ = {
			isa = XCSwiftPackageProductDependency;
			package = 02E48B0429F5BDC10038DE30 /* XCRemoteSwiftPackageReference "firebase-ios-sdk" */;
			productName = FirebaseFirestoreSwift;
		};
		02E48B2029F9DC3F0038DE30 /* FirebaseStorage */ = {
			isa = XCSwiftPackageProductDependency;
			package = 02E48B0429F5BDC10038DE30 /* XCRemoteSwiftPackageReference "firebase-ios-sdk" */;
			productName = FirebaseStorage;
		};
/* End XCSwiftPackageProductDependency section */
	};
	rootObject = 02E48AEB29F5BCA20038DE30 /* Project object */;
}
